
Microsoft Visual Studio Solution File, Format Version 12.00
# Visual Studio Version 16
VisualStudioVersion = 16.0.29613.14
MinimumVisualStudioVersion = 10.0.40219.1
Project("{FAE04EC0-301F-11D3-BF4B-00C04F79EFBC}") = "CallCenter", "CallCenter\CallCenter.csproj", "{BA561EE2-E5B6-4A54-AF9B-7EA1EE65D0A5}"
EndProject
Global
	GlobalSection(SolutionConfigurationPlatforms) = preSolution
		Debug|Any CPU = Debug|Any CPU
		Release|Any CPU = Release|Any CPU
	EndGlobalSection
	GlobalSection(ProjectConfigurationPlatforms) = postSolution
		{BA561EE2-E5B6-4A54-AF9B-7EA1EE65D0A5}.Debug|Any CPU.ActiveCfg = Debug|Any CPU
		{BA561EE2-E5B6-4A54-AF9B-7EA1EE65D0A5}.Debug|Any CPU.Build.0 = Debug|Any CPU
		{BA561EE2-E5B6-4A54-AF9B-7EA1EE65D0A5}.Release|Any CPU.ActiveCfg = Release|Any CPU
		{BA561EE2-E5B6-4A54-AF9B-7EA1EE65D0A5}.Release|Any CPU.Build.0 = Release|Any CPU
	EndGlobalSection
	GlobalSection(SolutionProperties) = preSolution
		HideSolutionNode = FALSE
	EndGlobalSection
	GlobalSection(ExtensibilityGlobals) = postSolution
		SolutionGuid = {649CD42A-0796-4586-BA97-2F47AC788123}
	EndGlobalSection
EndGlobal
